
Microsoft Visual Studio Solution File, Format Version 12.00
# Visual Studio Version 17
VisualStudioVersion = 17.8.34330.188
MinimumVisualStudioVersion = 10.0.40219.1
Project("{9A19103F-16F7-4668-BE54-9A1E7A4F7556}") = "Restaurant", "example vazifa 1001\Restaurant.csproj", "{16B70B49-7EC1-4ABF-9380-240A058BBD70}"
EndProject
Global
	GlobalSection(SolutionConfigurationPlatforms) = preSolution
		Debug|Any CPU = Debug|Any CPU
		Release|Any CPU = Release|Any CPU
	EndGlobalSection
	GlobalSection(ProjectConfigurationPlatforms) = postSolution
		{16B70B49-7EC1-4ABF-9380-240A058BBD70}.Debug|Any CPU.ActiveCfg = Debug|Any CPU
		{16B70B49-7EC1-4ABF-9380-240A058BBD70}.Debug|Any CPU.Build.0 = Debug|Any CPU
		{16B70B49-7EC1-4ABF-9380-240A058BBD70}.Release|Any CPU.ActiveCfg = Release|Any CPU
		{16B70B49-7EC1-4ABF-9380-240A058BBD70}.Release|Any CPU.Build.0 = Release|Any CPU
	EndGlobalSection
	GlobalSection(SolutionProperties) = preSolution
		HideSolutionNode = FALSE
	EndGlobalSection
	GlobalSection(ExtensibilityGlobals) = postSolution
		SolutionGuid = {422523B2-E96E-4693-A96B-A7A2A350C276}
	EndGlobalSection
EndGlobal
